
Microsoft Visual Studio Solution File, Format Version 12.00
# Visual Studio Version 17
VisualStudioVersion = 17.3.32922.545
MinimumVisualStudioVersion = 10.0.40219.1
Project("{FAE04EC0-301F-11D3-BF4B-00C04F79EFBC}") = "DemoGherkinAPI", "DemoGherkinAPI\DemoGherkinAPI.csproj", "{678E5EC1-FD71-4FA5-84D8-35A9DD372515}"
	ProjectSection(ProjectDependencies) = postProject
		{40CAED89-FE3A-4C90-806F-B44412F98C3B} = {40CAED89-FE3A-4C90-806F-B44412F98C3B}
		{4618BD16-65DE-4326-B70F-B7A088CED53A} = {4618BD16-65DE-4326-B70F-B7A088CED53A}
		{47D218D3-4B88-4CFD-8268-65E2E48E537F} = {47D218D3-4B88-4CFD-8268-65E2E48E537F}
		{7F6AB72D-0E93-4AC2-9679-77B05B4B2949} = {7F6AB72D-0E93-4AC2-9679-77B05B4B2949}
		{86DBB1BB-AE00-408D-B7A4-3A611232DE81} = {86DBB1BB-AE00-408D-B7A4-3A611232DE81}
		{D23E0B47-D40C-4694-9995-801035F6E118} = {D23E0B47-D40C-4694-9995-801035F6E118}
	EndProjectSection
EndProject
Project("{FAE04EC0-301F-11D3-BF4B-00C04F79EFBC}") = "TestReportFW", "TestReportFW\TestReportFW.csproj", "{40CAED89-FE3A-4C90-806F-B44412F98C3B}"
EndProject
Project("{FAE04EC0-301F-11D3-BF4B-00C04F79EFBC}") = "CommonFW", "CommonFW\CommonFW.csproj", "{4618BD16-65DE-4326-B70F-B7A088CED53A}"
	ProjectSection(ProjectDependencies) = postProject
		{7F6AB72D-0E93-4AC2-9679-77B05B4B2949} = {7F6AB72D-0E93-4AC2-9679-77B05B4B2949}
	EndProjectSection
EndProject
Project("{FAE04EC0-301F-11D3-BF4B-00C04F79EFBC}") = "TFSFW", "TFSFW\TFSFW.csproj", "{7F6AB72D-0E93-4AC2-9679-77B05B4B2949}"
EndProject
Project("{FAE04EC0-301F-11D3-BF4B-00C04F79EFBC}") = "SeleniumFW", "SeleniumFW\SeleniumFW.csproj", "{D23E0B47-D40C-4694-9995-801035F6E118}"
	ProjectSection(ProjectDependencies) = postProject
		{40CAED89-FE3A-4C90-806F-B44412F98C3B} = {40CAED89-FE3A-4C90-806F-B44412F98C3B}
		{4618BD16-65DE-4326-B70F-B7A088CED53A} = {4618BD16-65DE-4326-B70F-B7A088CED53A}
		{7F6AB72D-0E93-4AC2-9679-77B05B4B2949} = {7F6AB72D-0E93-4AC2-9679-77B05B4B2949}
	EndProjectSection
EndProject
Project("{FAE04EC0-301F-11D3-BF4B-00C04F79EFBC}") = "RESTFW", "RESTFW\RESTFW.csproj", "{47D218D3-4B88-4CFD-8268-65E2E48E537F}"
	ProjectSection(ProjectDependencies) = postProject
		{40CAED89-FE3A-4C90-806F-B44412F98C3B} = {40CAED89-FE3A-4C90-806F-B44412F98C3B}
		{4618BD16-65DE-4326-B70F-B7A088CED53A} = {4618BD16-65DE-4326-B70F-B7A088CED53A}
		{7F6AB72D-0E93-4AC2-9679-77B05B4B2949} = {7F6AB72D-0E93-4AC2-9679-77B05B4B2949}
	EndProjectSection
EndProject
Project("{FAE04EC0-301F-11D3-BF4B-00C04F79EFBC}") = "WebFW", "WebFW\WebFW.csproj", "{86DBB1BB-AE00-408D-B7A4-3A611232DE81}"
	ProjectSection(ProjectDependencies) = postProject
		{40CAED89-FE3A-4C90-806F-B44412F98C3B} = {40CAED89-FE3A-4C90-806F-B44412F98C3B}
		{4618BD16-65DE-4326-B70F-B7A088CED53A} = {4618BD16-65DE-4326-B70F-B7A088CED53A}
		{47D218D3-4B88-4CFD-8268-65E2E48E537F} = {47D218D3-4B88-4CFD-8268-65E2E48E537F}
		{7F6AB72D-0E93-4AC2-9679-77B05B4B2949} = {7F6AB72D-0E93-4AC2-9679-77B05B4B2949}
		{D23E0B47-D40C-4694-9995-801035F6E118} = {D23E0B47-D40C-4694-9995-801035F6E118}
	EndProjectSection
EndProject
Project("{FAE04EC0-301F-11D3-BF4B-00C04F79EFBC}") = "DemoGherkinUI", "DemoGherkinUI\DemoGherkinUI.csproj", "{3856ECE9-1315-4217-9B3B-153D0D08ED5F}"
	ProjectSection(ProjectDependencies) = postProject
		{40CAED89-FE3A-4C90-806F-B44412F98C3B} = {40CAED89-FE3A-4C90-806F-B44412F98C3B}
		{4618BD16-65DE-4326-B70F-B7A088CED53A} = {4618BD16-65DE-4326-B70F-B7A088CED53A}
		{7F6AB72D-0E93-4AC2-9679-77B05B4B2949} = {7F6AB72D-0E93-4AC2-9679-77B05B4B2949}
		{86DBB1BB-AE00-408D-B7A4-3A611232DE81} = {86DBB1BB-AE00-408D-B7A4-3A611232DE81}
		{D23E0B47-D40C-4694-9995-801035F6E118} = {D23E0B47-D40C-4694-9995-801035F6E118}
	EndProjectSection
EndProject
Global
	GlobalSection(SolutionConfigurationPlatforms) = preSolution
		Debug|Any CPU = Debug|Any CPU
		Release|Any CPU = Release|Any CPU
	EndGlobalSection
	GlobalSection(ProjectConfigurationPlatforms) = postSolution
		{678E5EC1-FD71-4FA5-84D8-35A9DD372515}.Debug|Any CPU.ActiveCfg = Debug|Any CPU
		{678E5EC1-FD71-4FA5-84D8-35A9DD372515}.Debug|Any CPU.Build.0 = Debug|Any CPU
		{678E5EC1-FD71-4FA5-84D8-35A9DD372515}.Release|Any CPU.ActiveCfg = Release|Any CPU
		{678E5EC1-FD71-4FA5-84D8-35A9DD372515}.Release|Any CPU.Build.0 = Release|Any CPU
		{40CAED89-FE3A-4C90-806F-B44412F98C3B}.Debug|Any CPU.ActiveCfg = Debug|Any CPU
		{40CAED89-FE3A-4C90-806F-B44412F98C3B}.Debug|Any CPU.Build.0 = Debug|Any CPU
		{40CAED89-FE3A-4C90-806F-B44412F98C3B}.Release|Any CPU.ActiveCfg = Release|Any CPU
		{40CAED89-FE3A-4C90-806F-B44412F98C3B}.Release|Any CPU.Build.0 = Release|Any CPU
		{4618BD16-65DE-4326-B70F-B7A088CED53A}.Debug|Any CPU.ActiveCfg = Debug|Any CPU
		{4618BD16-65DE-4326-B70F-B7A088CED53A}.Debug|Any CPU.Build.0 = Debug|Any CPU
		{4618BD16-65DE-4326-B70F-B7A088CED53A}.Release|Any CPU.ActiveCfg = Release|Any CPU
		{4618BD16-65DE-4326-B70F-B7A088CED53A}.Release|Any CPU.Build.0 = Release|Any CPU
		{7F6AB72D-0E93-4AC2-9679-77B05B4B2949}.Debug|Any CPU.ActiveCfg = Debug|Any CPU
		{7F6AB72D-0E93-4AC2-9679-77B05B4B2949}.Debug|Any CPU.Build.0 = Debug|Any CPU
		{7F6AB72D-0E93-4AC2-9679-77B05B4B2949}.Release|Any CPU.ActiveCfg = Release|Any CPU
		{7F6AB72D-0E93-4AC2-9679-77B05B4B2949}.Release|Any CPU.Build.0 = Release|Any CPU
		{D23E0B47-D40C-4694-9995-801035F6E118}.Debug|Any CPU.ActiveCfg = Debug|Any CPU
		{D23E0B47-D40C-4694-9995-801035F6E118}.Debug|Any CPU.Build.0 = Debug|Any CPU
		{D23E0B47-D40C-4694-9995-801035F6E118}.Release|Any CPU.ActiveCfg = Release|Any CPU
		{D23E0B47-D40C-4694-9995-801035F6E118}.Release|Any CPU.Build.0 = Release|Any CPU
		{47D218D3-4B88-4CFD-8268-65E2E48E537F}.Debug|Any CPU.ActiveCfg = Debug|Any CPU
		{47D218D3-4B88-4CFD-8268-65E2E48E537F}.Debug|Any CPU.Build.0 = Debug|Any CPU
		{47D218D3-4B88-4CFD-8268-65E2E48E537F}.Release|Any CPU.ActiveCfg = Release|Any CPU
		{47D218D3-4B88-4CFD-8268-65E2E48E537F}.Release|Any CPU.Build.0 = Release|Any CPU
		{86DBB1BB-AE00-408D-B7A4-3A611232DE81}.Debug|Any CPU.ActiveCfg = Debug|Any CPU
		{86DBB1BB-AE00-408D-B7A4-3A611232DE81}.Debug|Any CPU.Build.0 = Debug|Any CPU
		{86DBB1BB-AE00-408D-B7A4-3A611232DE81}.Release|Any CPU.ActiveCfg = Release|Any CPU
		{86DBB1BB-AE00-408D-B7A4-3A611232DE81}.Release|Any CPU.Build.0 = Release|Any CPU
		{3856ECE9-1315-4217-9B3B-153D0D08ED5F}.Debug|Any CPU.ActiveCfg = Debug|Any CPU
		{3856ECE9-1315-4217-9B3B-153D0D08ED5F}.Debug|Any CPU.Build.0 = Debug|Any CPU
		{3856ECE9-1315-4217-9B3B-153D0D08ED5F}.Release|Any CPU.ActiveCfg = Release|Any CPU
		{3856ECE9-1315-4217-9B3B-153D0D08ED5F}.Release|Any CPU.Build.0 = Release|Any CPU
	EndGlobalSection
	GlobalSection(SolutionProperties) = preSolution
		HideSolutionNode = FALSE
	EndGlobalSection
	GlobalSection(ExtensibilityGlobals) = postSolution
		SolutionGuid = {CEB31D0B-017C-4BC8-B98B-7AF4BE709E4C}
	EndGlobalSection
EndGlobal
